
Microsoft Visual Studio Solution File, Format Version 12.00
# Visual Studio Version 17
VisualStudioVersion = 17.4.33213.308
MinimumVisualStudioVersion = 10.0.40219.1
Project("{FAE04EC0-301F-11D3-BF4B-00C04F79EFBC}") = "MealPlannerAPI", "MealPlannerAPI\MealPlannerAPI.csproj", "{2EEBFF53-B69A-42A1-A89B-74504109F2A3}"
EndProject
Global
	GlobalSection(SolutionConfigurationPlatforms) = preSolution
		Debug|Any CPU = Debug|Any CPU
		Release|Any CPU = Release|Any CPU
	EndGlobalSection
	GlobalSection(ProjectConfigurationPlatforms) = postSolution
		{2EEBFF53-B69A-42A1-A89B-74504109F2A3}.Debug|Any CPU.ActiveCfg = Debug|Any CPU
		{2EEBFF53-B69A-42A1-A89B-74504109F2A3}.Debug|Any CPU.Build.0 = Debug|Any CPU
		{2EEBFF53-B69A-42A1-A89B-74504109F2A3}.Release|Any CPU.ActiveCfg = Release|Any CPU
		{2EEBFF53-B69A-42A1-A89B-74504109F2A3}.Release|Any CPU.Build.0 = Release|Any CPU
	EndGlobalSection
	GlobalSection(SolutionProperties) = preSolution
		HideSolutionNode = FALSE
	EndGlobalSection
	GlobalSection(ExtensibilityGlobals) = postSolution
		SolutionGuid = {4EAC3BD6-4FB0-4351-ABE6-10EF1E2418E0}
	EndGlobalSection
EndGlobal
